
Microsoft Visual Studio Solution File, Format Version 12.00
# Visual Studio Version 17
VisualStudioVersion = 17.4.32912.340
MinimumVisualStudioVersion = 10.0.40219.1
Project("{9A19103F-16F7-4668-BE54-9A1E7A4F7556}") = "JWLHelperHelper", "JWLHalperHalper\JWLHelperHelper.csproj", "{37295425-14B9-4AE3-B391-4C21C48D079C}"
EndProject
Global
	GlobalSection(SolutionConfigurationPlatforms) = preSolution
		Debug|Any CPU = Debug|Any CPU
		Release|Any CPU = Release|Any CPU
	EndGlobalSection
	GlobalSection(ProjectConfigurationPlatforms) = postSolution
		{37295425-14B9-4AE3-B391-4C21C48D079C}.Debug|Any CPU.ActiveCfg = Debug|Any CPU
		{37295425-14B9-4AE3-B391-4C21C48D079C}.Debug|Any CPU.Build.0 = Debug|Any CPU
		{37295425-14B9-4AE3-B391-4C21C48D079C}.Release|Any CPU.ActiveCfg = Release|Any CPU
		{37295425-14B9-4AE3-B391-4C21C48D079C}.Release|Any CPU.Build.0 = Release|Any CPU
	EndGlobalSection
	GlobalSection(SolutionProperties) = preSolution
		HideSolutionNode = FALSE
	EndGlobalSection
	GlobalSection(ExtensibilityGlobals) = postSolution
		SolutionGuid = {30D8EDE8-87E0-4C7B-8C50-A703FF70D350}
	EndGlobalSection
EndGlobal
